
Microsoft Visual Studio Solution File, Format Version 12.00
# Visual Studio Version 17
VisualStudioVersion = 17.12.35707.178 d17.12
MinimumVisualStudioVersion = 10.0.40219.1
Project("{2150E333-8FDC-42A3-9474-1A3956D46DE8}") = "src", "src", "{61896D26-9D1D-49AE-9C2B-8029FA9FAE13}"
EndProject
Project("{FAE04EC0-301F-11D3-BF4B-00C04F79EFBC}") = "SmokingCessation.Domain", "SmokingCessation.Domain\SmokingCessation.Domain.csproj", "{407FFAAE-7034-4E52-AE0A-949266121061}"
EndProject
Project("{FAE04EC0-301F-11D3-BF4B-00C04F79EFBC}") = "SmokingCessation.Application", "SmokingCessation.Application\SmokingCessation.Application.csproj", "{8F2BDBE0-D6E9-4A63-A721-00370BA9A93C}"
EndProject
Project("{FAE04EC0-301F-11D3-BF4B-00C04F79EFBC}") = "SmokingCessation.Infrastracture", "SmokingCessation.Infrastracture\SmokingCessation.Infrastracture.csproj", "{D63A4B28-BC2A-4203-AC23-909580179E05}"
EndProject
Project("{FAE04EC0-301F-11D3-BF4B-00C04F79EFBC}") = "SmokingCessation.WebAPI", "SmokingCessation.WebAPI\SmokingCessation.WebAPI.csproj", "{0BD65B94-FC9C-4CC2-B7FE-466296745160}"
EndProject
Project("{FAE04EC0-301F-11D3-BF4B-00C04F79EFBC}") = "SmokingCessation.Core", "SmokingCessation.Core\SmokingCessation.Core.csproj", "{CBA8A56C-DC44-4C5C-BA07-3655AD66667A}"
EndProject
Global
	GlobalSection(SolutionConfigurationPlatforms) = preSolution
		Debug|Any CPU = Debug|Any CPU
		Release|Any CPU = Release|Any CPU
	EndGlobalSection
	GlobalSection(ProjectConfigurationPlatforms) = postSolution
		{407FFAAE-7034-4E52-AE0A-949266121061}.Debug|Any CPU.ActiveCfg = Debug|Any CPU
		{407FFAAE-7034-4E52-AE0A-949266121061}.Debug|Any CPU.Build.0 = Debug|Any CPU
		{407FFAAE-7034-4E52-AE0A-949266121061}.Release|Any CPU.ActiveCfg = Release|Any CPU
		{407FFAAE-7034-4E52-AE0A-949266121061}.Release|Any CPU.Build.0 = Release|Any CPU
		{8F2BDBE0-D6E9-4A63-A721-00370BA9A93C}.Debug|Any CPU.ActiveCfg = Debug|Any CPU
		{8F2BDBE0-D6E9-4A63-A721-00370BA9A93C}.Debug|Any CPU.Build.0 = Debug|Any CPU
		{8F2BDBE0-D6E9-4A63-A721-00370BA9A93C}.Release|Any CPU.ActiveCfg = Release|Any CPU
		{8F2BDBE0-D6E9-4A63-A721-00370BA9A93C}.Release|Any CPU.Build.0 = Release|Any CPU
		{D63A4B28-BC2A-4203-AC23-909580179E05}.Debug|Any CPU.ActiveCfg = Debug|Any CPU
		{D63A4B28-BC2A-4203-AC23-909580179E05}.Debug|Any CPU.Build.0 = Debug|Any CPU
		{D63A4B28-BC2A-4203-AC23-909580179E05}.Release|Any CPU.ActiveCfg = Release|Any CPU
		{D63A4B28-BC2A-4203-AC23-909580179E05}.Release|Any CPU.Build.0 = Release|Any CPU
		{0BD65B94-FC9C-4CC2-B7FE-466296745160}.Debug|Any CPU.ActiveCfg = Debug|Any CPU
		{0BD65B94-FC9C-4CC2-B7FE-466296745160}.Debug|Any CPU.Build.0 = Debug|Any CPU
		{0BD65B94-FC9C-4CC2-B7FE-466296745160}.Release|Any CPU.ActiveCfg = Release|Any CPU
		{0BD65B94-FC9C-4CC2-B7FE-466296745160}.Release|Any CPU.Build.0 = Release|Any CPU
		{CBA8A56C-DC44-4C5C-BA07-3655AD66667A}.Debug|Any CPU.ActiveCfg = Debug|Any CPU
		{CBA8A56C-DC44-4C5C-BA07-3655AD66667A}.Debug|Any CPU.Build.0 = Debug|Any CPU
		{CBA8A56C-DC44-4C5C-BA07-3655AD66667A}.Release|Any CPU.ActiveCfg = Release|Any CPU
		{CBA8A56C-DC44-4C5C-BA07-3655AD66667A}.Release|Any CPU.Build.0 = Release|Any CPU
	EndGlobalSection
	GlobalSection(SolutionProperties) = preSolution
		HideSolutionNode = FALSE
	EndGlobalSection
	GlobalSection(NestedProjects) = preSolution
		{407FFAAE-7034-4E52-AE0A-949266121061} = {61896D26-9D1D-49AE-9C2B-8029FA9FAE13}
		{8F2BDBE0-D6E9-4A63-A721-00370BA9A93C} = {61896D26-9D1D-49AE-9C2B-8029FA9FAE13}
		{D63A4B28-BC2A-4203-AC23-909580179E05} = {61896D26-9D1D-49AE-9C2B-8029FA9FAE13}
		{0BD65B94-FC9C-4CC2-B7FE-466296745160} = {61896D26-9D1D-49AE-9C2B-8029FA9FAE13}
		{CBA8A56C-DC44-4C5C-BA07-3655AD66667A} = {61896D26-9D1D-49AE-9C2B-8029FA9FAE13}
	EndGlobalSection
EndGlobal
