Microsoft Visual Studio Solution File, Format Version 12.00
# Visual Studio Version 17
VisualStudioVersion = 17.5.2.0
MinimumVisualStudioVersion = 10.0.40219.1
Project("{FAE04EC0-301F-11D3-BF4B-00C04F79EFBC}") = "SmokingCessation.WebAPI", "SmokingCessation.WebAPI.csproj", "{9069817F-02B7-356F-EAB5-E9CCCFC7C7AE}"
EndProject
Global
	GlobalSection(SolutionConfigurationPlatforms) = preSolution
		Debug|Any CPU = Debug|Any CPU
		Release|Any CPU = Release|Any CPU
	EndGlobalSection
	GlobalSection(ProjectConfigurationPlatforms) = postSolution
		{9069817F-02B7-356F-EAB5-E9CCCFC7C7AE}.Debug|Any CPU.ActiveCfg = Debug|Any CPU
		{9069817F-02B7-356F-EAB5-E9CCCFC7C7AE}.Debug|Any CPU.Build.0 = Debug|Any CPU
		{9069817F-02B7-356F-EAB5-E9CCCFC7C7AE}.Release|Any CPU.ActiveCfg = Release|Any CPU
		{9069817F-02B7-356F-EAB5-E9CCCFC7C7AE}.Release|Any CPU.Build.0 = Release|Any CPU
	EndGlobalSection
	GlobalSection(SolutionProperties) = preSolution
		HideSolutionNode = FALSE
	EndGlobalSection
	GlobalSection(ExtensibilityGlobals) = postSolution
		SolutionGuid = {FCC3766A-3FAB-4E6F-A68C-F4AAF9BFDBB6}
	EndGlobalSection
EndGlobal
